
Microsoft Visual Studio Solution File, Format Version 12.00
# Visual Studio Version 17
VisualStudioVersion = 17.11.35222.181
MinimumVisualStudioVersion = 10.0.40219.1
Project("{FAE04EC0-301F-11D3-BF4B-00C04F79EFBC}") = "MudBlazor_Web", "MudBlazor_Web\MudBlazor_Web\MudBlazor_Web.csproj", "{8C81EC13-D2FF-4017-9BF3-49F6AF989BD8}"
EndProject
Project("{FAE04EC0-301F-11D3-BF4B-00C04F79EFBC}") = "MudBlazor_Web.Client", "MudBlazor_Web\MudBlazor_Web.Client\MudBlazor_Web.Client.csproj", "{2B391B63-9272-4DC1-AEDC-3004968FCCB7}"
EndProject
Global
	GlobalSection(SolutionConfigurationPlatforms) = preSolution
		Debug|Any CPU = Debug|Any CPU
		Release|Any CPU = Release|Any CPU
	EndGlobalSection
	GlobalSection(ProjectConfigurationPlatforms) = postSolution
		{8C81EC13-D2FF-4017-9BF3-49F6AF989BD8}.Debug|Any CPU.ActiveCfg = Debug|Any CPU
		{8C81EC13-D2FF-4017-9BF3-49F6AF989BD8}.Debug|Any CPU.Build.0 = Debug|Any CPU
		{8C81EC13-D2FF-4017-9BF3-49F6AF989BD8}.Release|Any CPU.ActiveCfg = Release|Any CPU
		{8C81EC13-D2FF-4017-9BF3-49F6AF989BD8}.Release|Any CPU.Build.0 = Release|Any CPU
		{2B391B63-9272-4DC1-AEDC-3004968FCCB7}.Debug|Any CPU.ActiveCfg = Debug|Any CPU
		{2B391B63-9272-4DC1-AEDC-3004968FCCB7}.Debug|Any CPU.Build.0 = Debug|Any CPU
		{2B391B63-9272-4DC1-AEDC-3004968FCCB7}.Release|Any CPU.ActiveCfg = Release|Any CPU
		{2B391B63-9272-4DC1-AEDC-3004968FCCB7}.Release|Any CPU.Build.0 = Release|Any CPU
	EndGlobalSection
	GlobalSection(SolutionProperties) = preSolution
		HideSolutionNode = FALSE
	EndGlobalSection
	GlobalSection(ExtensibilityGlobals) = postSolution
		SolutionGuid = {9D4DF30F-5B48-4BE7-B156-89CBB8E0E859}
	EndGlobalSection
EndGlobal
